
Microsoft Visual Studio Solution File, Format Version 12.00
# Visual Studio Version 17
VisualStudioVersion = 17.8.34511.84
MinimumVisualStudioVersion = 10.0.40219.1
Project("{8BC9CEB8-8B4A-11D0-8D11-00A0C91BC942}") = "mode7", "mode7.vcxproj", "{D1F0128D-5105-4BD9-AC5B-6EB5B91ADCDB}"
EndProject
Global
	GlobalSection(SolutionConfigurationPlatforms) = preSolution
		Debug|x64 = Debug|x64
		Debug|x86 = Debug|x86
		Release|x64 = Release|x64
		Release|x86 = Release|x86
	EndGlobalSection
	GlobalSection(ProjectConfigurationPlatforms) = postSolution
		{D1F0128D-5105-4BD9-AC5B-6EB5B91ADCDB}.Debug|x64.ActiveCfg = Debug|x64
		{D1F0128D-5105-4BD9-AC5B-6EB5B91ADCDB}.Debug|x64.Build.0 = Debug|x64
		{D1F0128D-5105-4BD9-AC5B-6EB5B91ADCDB}.Debug|x86.ActiveCfg = Debug|Win32
		{D1F0128D-5105-4BD9-AC5B-6EB5B91ADCDB}.Debug|x86.Build.0 = Debug|Win32
		{D1F0128D-5105-4BD9-AC5B-6EB5B91ADCDB}.Release|x64.ActiveCfg = Release|x64
		{D1F0128D-5105-4BD9-AC5B-6EB5B91ADCDB}.Release|x64.Build.0 = Release|x64
		{D1F0128D-5105-4BD9-AC5B-6EB5B91ADCDB}.Release|x86.ActiveCfg = Release|Win32
		{D1F0128D-5105-4BD9-AC5B-6EB5B91ADCDB}.Release|x86.Build.0 = Release|Win32
	EndGlobalSection
	GlobalSection(SolutionProperties) = preSolution
		HideSolutionNode = FALSE
	EndGlobalSection
	GlobalSection(ExtensibilityGlobals) = postSolution
		SolutionGuid = {3904B767-4020-425B-BE1C-5BB30FBA61FB}
	EndGlobalSection
EndGlobal
